
Microsoft Visual Studio Solution File, Format Version 12.00
# Visual Studio Version 17
VisualStudioVersion = 17.12.35521.163
MinimumVisualStudioVersion = 10.0.40219.1
Project("{8BC9CEB8-8B4A-11D0-8D11-00A0C91BC942}") = "Dll1", "Dll1\Dll1.vcxproj", "{70A0BCDA-80F2-4C6A-BF22-58B8F02273D6}"
EndProject
Project("{8BC9CEB8-8B4A-11D0-8D11-00A0C91BC942}") = "try", "try\try.vcxproj", "{E3B2D261-76AE-4C5B-9ED9-BF5F6D9A5585}"
EndProject
Project("{8BC9CEB8-8B4A-11D0-8D11-00A0C91BC942}") = "try2", "try2\try2.vcxproj", "{402D2B9E-B529-47FA-BDE4-527307F977AF}"
EndProject
Project("{8BC9CEB8-8B4A-11D0-8D11-00A0C91BC942}") = "try3", "try3\try3.vcxproj", "{0680522A-D43D-4FF8-B69F-CE83786CBF49}"
EndProject
Project("{8BC9CEB8-8B4A-11D0-8D11-00A0C91BC942}") = "try5", "try5\try5.vcxproj", "{9B7E7CB9-FFB2-4CF7-99B5-2B2EE179ED47}"
EndProject
Project("{8BC9CEB8-8B4A-11D0-8D11-00A0C91BC942}") = "try6", "try6\try6.vcxproj", "{4D6BE4CE-20A6-4AEA-B336-6CF7AF473A86}"
EndProject
Global
	GlobalSection(SolutionConfigurationPlatforms) = preSolution
		Debug|x64 = Debug|x64
		Debug|x86 = Debug|x86
		Release|x64 = Release|x64
		Release|x86 = Release|x86
	EndGlobalSection
	GlobalSection(ProjectConfigurationPlatforms) = postSolution
		{70A0BCDA-80F2-4C6A-BF22-58B8F02273D6}.Debug|x64.ActiveCfg = Debug|x64
		{70A0BCDA-80F2-4C6A-BF22-58B8F02273D6}.Debug|x64.Build.0 = Debug|x64
		{70A0BCDA-80F2-4C6A-BF22-58B8F02273D6}.Debug|x86.ActiveCfg = Debug|Win32
		{70A0BCDA-80F2-4C6A-BF22-58B8F02273D6}.Debug|x86.Build.0 = Debug|Win32
		{70A0BCDA-80F2-4C6A-BF22-58B8F02273D6}.Release|x64.ActiveCfg = Release|x64
		{70A0BCDA-80F2-4C6A-BF22-58B8F02273D6}.Release|x64.Build.0 = Release|x64
		{70A0BCDA-80F2-4C6A-BF22-58B8F02273D6}.Release|x86.ActiveCfg = Release|Win32
		{70A0BCDA-80F2-4C6A-BF22-58B8F02273D6}.Release|x86.Build.0 = Release|Win32
		{E3B2D261-76AE-4C5B-9ED9-BF5F6D9A5585}.Debug|x64.ActiveCfg = Debug|x64
		{E3B2D261-76AE-4C5B-9ED9-BF5F6D9A5585}.Debug|x64.Build.0 = Debug|x64
		{E3B2D261-76AE-4C5B-9ED9-BF5F6D9A5585}.Debug|x86.ActiveCfg = Debug|Win32
		{E3B2D261-76AE-4C5B-9ED9-BF5F6D9A5585}.Debug|x86.Build.0 = Debug|Win32
		{E3B2D261-76AE-4C5B-9ED9-BF5F6D9A5585}.Release|x64.ActiveCfg = Release|x64
		{E3B2D261-76AE-4C5B-9ED9-BF5F6D9A5585}.Release|x64.Build.0 = Release|x64
		{E3B2D261-76AE-4C5B-9ED9-BF5F6D9A5585}.Release|x86.ActiveCfg = Release|Win32
		{E3B2D261-76AE-4C5B-9ED9-BF5F6D9A5585}.Release|x86.Build.0 = Release|Win32
		{402D2B9E-B529-47FA-BDE4-527307F977AF}.Debug|x64.ActiveCfg = Debug|x64
		{402D2B9E-B529-47FA-BDE4-527307F977AF}.Debug|x64.Build.0 = Debug|x64
		{402D2B9E-B529-47FA-BDE4-527307F977AF}.Debug|x86.ActiveCfg = Debug|Win32
		{402D2B9E-B529-47FA-BDE4-527307F977AF}.Debug|x86.Build.0 = Debug|Win32
		{402D2B9E-B529-47FA-BDE4-527307F977AF}.Release|x64.ActiveCfg = Release|x64
		{402D2B9E-B529-47FA-BDE4-527307F977AF}.Release|x64.Build.0 = Release|x64
		{402D2B9E-B529-47FA-BDE4-527307F977AF}.Release|x86.ActiveCfg = Release|Win32
		{402D2B9E-B529-47FA-BDE4-527307F977AF}.Release|x86.Build.0 = Release|Win32
		{0680522A-D43D-4FF8-B69F-CE83786CBF49}.Debug|x64.ActiveCfg = Debug|x64
		{0680522A-D43D-4FF8-B69F-CE83786CBF49}.Debug|x64.Build.0 = Debug|x64
		{0680522A-D43D-4FF8-B69F-CE83786CBF49}.Debug|x86.ActiveCfg = Debug|Win32
		{0680522A-D43D-4FF8-B69F-CE83786CBF49}.Debug|x86.Build.0 = Debug|Win32
		{0680522A-D43D-4FF8-B69F-CE83786CBF49}.Release|x64.ActiveCfg = Release|x64
		{0680522A-D43D-4FF8-B69F-CE83786CBF49}.Release|x64.Build.0 = Release|x64
		{0680522A-D43D-4FF8-B69F-CE83786CBF49}.Release|x86.ActiveCfg = Release|Win32
		{0680522A-D43D-4FF8-B69F-CE83786CBF49}.Release|x86.Build.0 = Release|Win32
		{9B7E7CB9-FFB2-4CF7-99B5-2B2EE179ED47}.Debug|x64.ActiveCfg = Debug|x64
		{9B7E7CB9-FFB2-4CF7-99B5-2B2EE179ED47}.Debug|x64.Build.0 = Debug|x64
		{9B7E7CB9-FFB2-4CF7-99B5-2B2EE179ED47}.Debug|x86.ActiveCfg = Debug|Win32
		{9B7E7CB9-FFB2-4CF7-99B5-2B2EE179ED47}.Debug|x86.Build.0 = Debug|Win32
		{9B7E7CB9-FFB2-4CF7-99B5-2B2EE179ED47}.Release|x64.ActiveCfg = Release|x64
		{9B7E7CB9-FFB2-4CF7-99B5-2B2EE179ED47}.Release|x64.Build.0 = Release|x64
		{9B7E7CB9-FFB2-4CF7-99B5-2B2EE179ED47}.Release|x86.ActiveCfg = Release|Win32
		{9B7E7CB9-FFB2-4CF7-99B5-2B2EE179ED47}.Release|x86.Build.0 = Release|Win32
		{4D6BE4CE-20A6-4AEA-B336-6CF7AF473A86}.Debug|x64.ActiveCfg = Debug|x64
		{4D6BE4CE-20A6-4AEA-B336-6CF7AF473A86}.Debug|x64.Build.0 = Debug|x64
		{4D6BE4CE-20A6-4AEA-B336-6CF7AF473A86}.Debug|x86.ActiveCfg = Debug|Win32
		{4D6BE4CE-20A6-4AEA-B336-6CF7AF473A86}.Debug|x86.Build.0 = Debug|Win32
		{4D6BE4CE-20A6-4AEA-B336-6CF7AF473A86}.Release|x64.ActiveCfg = Release|x64
		{4D6BE4CE-20A6-4AEA-B336-6CF7AF473A86}.Release|x64.Build.0 = Release|x64
		{4D6BE4CE-20A6-4AEA-B336-6CF7AF473A86}.Release|x86.ActiveCfg = Release|Win32
		{4D6BE4CE-20A6-4AEA-B336-6CF7AF473A86}.Release|x86.Build.0 = Release|Win32
	EndGlobalSection
	GlobalSection(SolutionProperties) = preSolution
		HideSolutionNode = FALSE
	EndGlobalSection
EndGlobal
